
Microsoft Visual Studio Solution File, Format Version 12.00
# Visual Studio Version 17
VisualStudioVersion = 17.9.34728.123
MinimumVisualStudioVersion = 10.0.40219.1
Project("{FAE04EC0-301F-11D3-BF4B-00C04F79EFBC}") = "TP Algoritmo", "TP Algoritmo\TP Algoritmo.csproj", "{B3FB4BDC-E7F6-4DCF-BFE5-2C0AB5896511}"
EndProject
Global
	GlobalSection(SolutionConfigurationPlatforms) = preSolution
		Debug|Any CPU = Debug|Any CPU
		Debug|x64 = Debug|x64
		Release|Any CPU = Release|Any CPU
		Release|x64 = Release|x64
	EndGlobalSection
	GlobalSection(ProjectConfigurationPlatforms) = postSolution
		{B3FB4BDC-E7F6-4DCF-BFE5-2C0AB5896511}.Debug|Any CPU.ActiveCfg = Debug|Any CPU
		{B3FB4BDC-E7F6-4DCF-BFE5-2C0AB5896511}.Debug|Any CPU.Build.0 = Debug|Any CPU
		{B3FB4BDC-E7F6-4DCF-BFE5-2C0AB5896511}.Debug|x64.ActiveCfg = Debug|x64
		{B3FB4BDC-E7F6-4DCF-BFE5-2C0AB5896511}.Debug|x64.Build.0 = Debug|x64
		{B3FB4BDC-E7F6-4DCF-BFE5-2C0AB5896511}.Release|Any CPU.ActiveCfg = Release|Any CPU
		{B3FB4BDC-E7F6-4DCF-BFE5-2C0AB5896511}.Release|Any CPU.Build.0 = Release|Any CPU
		{B3FB4BDC-E7F6-4DCF-BFE5-2C0AB5896511}.Release|x64.ActiveCfg = Release|x64
		{B3FB4BDC-E7F6-4DCF-BFE5-2C0AB5896511}.Release|x64.Build.0 = Release|x64
	EndGlobalSection
	GlobalSection(SolutionProperties) = preSolution
		HideSolutionNode = FALSE
	EndGlobalSection
	GlobalSection(ExtensibilityGlobals) = postSolution
		SolutionGuid = {C2A8FE4B-87E5-4514-9C3D-0AC58755E542}
	EndGlobalSection
EndGlobal
